
Microsoft Visual Studio Solution File, Format Version 12.00
# Visual Studio 15
VisualStudioVersion = 15.0.27428.1
MinimumVisualStudioVersion = 10.0.40219.1
Project("{8BC9CEB8-8B4A-11D0-8D11-00A0C91BC942}") = "LIST(面向对象2)", "LIST(面向对象2)\LIST(面向对象2).vcxproj", "{733FD403-CCBE-420D-A3CA-51EDAD26C3AF}"
EndProject
Global
	GlobalSection(SolutionConfigurationPlatforms) = preSolution
		Debug|x64 = Debug|x64
		Debug|x86 = Debug|x86
		Release|x64 = Release|x64
		Release|x86 = Release|x86
	EndGlobalSection
	GlobalSection(ProjectConfigurationPlatforms) = postSolution
		{733FD403-CCBE-420D-A3CA-51EDAD26C3AF}.Debug|x64.ActiveCfg = Debug|x64
		{733FD403-CCBE-420D-A3CA-51EDAD26C3AF}.Debug|x64.Build.0 = Debug|x64
		{733FD403-CCBE-420D-A3CA-51EDAD26C3AF}.Debug|x86.ActiveCfg = Debug|Win32
		{733FD403-CCBE-420D-A3CA-51EDAD26C3AF}.Debug|x86.Build.0 = Debug|Win32
		{733FD403-CCBE-420D-A3CA-51EDAD26C3AF}.Release|x64.ActiveCfg = Release|x64
		{733FD403-CCBE-420D-A3CA-51EDAD26C3AF}.Release|x64.Build.0 = Release|x64
		{733FD403-CCBE-420D-A3CA-51EDAD26C3AF}.Release|x86.ActiveCfg = Release|Win32
		{733FD403-CCBE-420D-A3CA-51EDAD26C3AF}.Release|x86.Build.0 = Release|Win32
	EndGlobalSection
	GlobalSection(SolutionProperties) = preSolution
		HideSolutionNode = FALSE
	EndGlobalSection
	GlobalSection(ExtensibilityGlobals) = postSolution
		SolutionGuid = {98C88E40-FC2A-4E18-BF66-A99E88C09360}
	EndGlobalSection
EndGlobal
